{
  "object": {
    "pins": [
      {
        "package": "SwiftyXMP",
        "repositoryURL": "https://github.com/pbodsk/swifty-xmp",
        "state": {
          "branch": "main",
          "revision": "830e9ed885d0d5f7efcd1a98f31d3a319da76961",
          "version": null
        }
      }
    ]
  },
  "version": 1
}
